// !$*UTF8*$!
{
	archiveVersion = 1;
	classes = {
	};
	objectVersion = 48;
	objects = {

/* Begin PBXBuildFile section */
		C2223B31203DE7FA0031C8F4 /* AppDelegate.m in Sources */ = {isa = PBXBuildFile; fileRef = C2223B30203DE7FA0031C8F4 /* AppDelegate.m */; };
		C2223B34203DE7FA0031C8F4 /* ViewController.m in Sources */ = {isa = PBXBuildFile; fileRef = C2223B33203DE7FA0031C8F4 /* ViewController.m */; };
		C2223B37203DE7FA0031C8F4 /* Main.storyboard in Resources */ = {isa = PBXBuildFile; fileRef = C2223B35203DE7FA0031C8F4 /* Main.storyboard */; };
		C2223B39203DE7FA0031C8F4 /* Assets.xcassets in Resources */ = {isa = PBXBuildFile; fileRef = C2223B38203DE7FA0031C8F4 /* Assets.xcassets */; };
		C2223B3C203DE7FA0031C8F4 /* LaunchScreen.storyboard in Resources */ = {isa = PBXBuildFile; fileRef = C2223B3A203DE7FA0031C8F4 /* LaunchScreen.storyboard */; };
		C2223B3F203DE7FA0031C8F4 /* main.m in Sources */ = {isa = PBXBuildFile; fileRef = C2223B3E203DE7FA0031C8F4 /* main.m */; };
		C2223B53203DEC6B0031C8F4 /* JOScrollViewTransformator.m in Sources */ = {isa = PBXBuildFile; fileRef = C2223B4E203DEC6A0031C8F4 /* JOScrollViewTransformator.m */; };
		C2223B54203DEC6B0031C8F4 /* JOScrollView.m in Sources */ = {isa = PBXBuildFile; fileRef = C2223B4F203DEC6A0031C8F4 /* JOScrollView.m */; };
		C2223B55203DEC6B0031C8F4 /* JOScrollViewSimpleTransformator.m in Sources */ = {isa = PBXBuildFile; fileRef = C2223B50203DEC6A0031C8F4 /* JOScrollViewSimpleTransformator.m */; };
		C2223B56203DEC6B0031C8F4 /* JOScrollViewOldTransformator.m in Sources */ = {isa = PBXBuildFile; fileRef = C2223B51203DEC6A0031C8F4 /* JOScrollViewOldTransformator.m */; };
		C2223B59203DECF90031C8F4 /* JOScrollViewTableViewController.m in Sources */ = {isa = PBXBuildFile; fileRef = C2223B58203DECF90031C8F4 /* JOScrollViewTableViewController.m */; };
		C2223B5C203DEF250031C8F4 /* JOScrollViewOldViewController.m in Sources */ = {isa = PBXBuildFile; fileRef = C2223B5B203DEF250031C8F4 /* JOScrollViewOldViewController.m */; };
		C2223B5F203DEF370031C8F4 /* JOScrollViewSimpleViewController.m in Sources */ = {isa = PBXBuildFile; fileRef = C2223B5E203DEF370031C8F4 /* JOScrollViewSimpleViewController.m */; };
		C2223B65203F0E6F0031C8F4 /* JOPhotoManager.m in Sources */ = {isa = PBXBuildFile; fileRef = C2223B64203F0E6F0031C8F4 /* JOPhotoManager.m */; };
		C2223B68203F0EFB0031C8F4 /* JOImagePickerCollectionViewCell.m in Sources */ = {isa = PBXBuildFile; fileRef = C2223B67203F0EFB0031C8F4 /* JOImagePickerCollectionViewCell.m */; };
		C2223B6B203F0FA10031C8F4 /* JOImagePickerViewController.m in Sources */ = {isa = PBXBuildFile; fileRef = C2223B6A203F0FA10031C8F4 /* JOImagePickerViewController.m */; };
/* End PBXBuildFile section */

/* Begin PBXFileReference section */
		C2223B2C203DE7FA0031C8F4 /* Samples.app */ = {isa = PBXFileReference; explicitFileType = wrapper.application; includeInIndex = 0; path = Samples.app; sourceTree = BUILT_PRODUCTS_DIR; };
		C2223B2F203DE7FA0031C8F4 /* AppDelegate.h */ = {isa = PBXFileReference; lastKnownFileType = sourcecode.c.h; path = AppDelegate.h; sourceTree = "<group>"; };
		C2223B30203DE7FA0031C8F4 /* AppDelegate.m */ = {isa = PBXFileReference; lastKnownFileType = sourcecode.c.objc; path = AppDelegate.m; sourceTree = "<group>"; };
		C2223B32203DE7FA0031C8F4 /* ViewController.h */ = {isa = PBXFileReference; lastKnownFileType = sourcecode.c.h; path = ViewController.h; sourceTree = "<group>"; };
		C2223B33203DE7FA0031C8F4 /* ViewController.m */ = {isa = PBXFileReference; lastKnownFileType = sourcecode.c.objc; path = ViewController.m; sourceTree = "<group>"; };
		C2223B36203DE7FA0031C8F4 /* Base */ = {isa = PBXFileReference; lastKnownFileType = file.storyboard; name = Base; path = Base.lproj/Main.storyboard; sourceTree = "<group>"; };
		C2223B38203DE7FA0031C8F4 /* Assets.xcassets */ = {isa = PBXFileReference; lastKnownFileType = folder.assetcatalog; path = Assets.xcassets; sourceTree = "<group>"; };
		C2223B3B203DE7FA0031C8F4 /* Base */ = {isa = PBXFileReference; lastKnownFileType = file.storyboard; name = Base; path = Base.lproj/LaunchScreen.storyboard; sourceTree = "<group>"; };
		C2223B3D203DE7FA0031C8F4 /* Info.plist */ = {isa = PBXFileReference; lastKnownFileType = text.plist.xml; path = Info.plist; sourceTree = "<group>"; };
		C2223B3E203DE7FA0031C8F4 /* main.m */ = {isa = PBXFileReference; lastKnownFileType = sourcecode.c.objc; path = main.m; sourceTree = "<group>"; };
		C2223B4A203DEC6A0031C8F4 /* JOScrollViewTransformator.h */ = {isa = PBXFileReference; fileEncoding = 4; lastKnownFileType = sourcecode.c.h; path = JOScrollViewTransformator.h; sourceTree = "<group>"; };
		C2223B4B203DEC6A0031C8F4 /* JOScrollViewSimpleTransformator.h */ = {isa = PBXFileReference; fileEncoding = 4; lastKnownFileType = sourcecode.c.h; path = JOScrollViewSimpleTransformator.h; sourceTree = "<group>"; };
		C2223B4C203DEC6A0031C8F4 /* JOScrollView.h */ = {isa = PBXFileReference; fileEncoding = 4; lastKnownFileType = sourcecode.c.h; path = JOScrollView.h; sourceTree = "<group>"; };
		C2223B4D203DEC6A0031C8F4 /* JOScrollViewOldTransformator.h */ = {isa = PBXFileReference; fileEncoding = 4; lastKnownFileType = sourcecode.c.h; path = JOScrollViewOldTransformator.h; sourceTree = "<group>"; };
		C2223B4E203DEC6A0031C8F4 /* JOScrollViewTransformator.m */ = {isa = PBXFileReference; fileEncoding = 4; lastKnownFileType = sourcecode.c.objc; path = JOScrollViewTransformator.m; sourceTree = "<group>"; };
		C2223B4F203DEC6A0031C8F4 /* JOScrollView.m */ = {isa = PBXFileReference; fileEncoding = 4; lastKnownFileType = sourcecode.c.objc; path = JOScrollView.m; sourceTree = "<group>"; };
		C2223B50203DEC6A0031C8F4 /* JOScrollViewSimpleTransformator.m */ = {isa = PBXFileReference; fileEncoding = 4; lastKnownFileType = sourcecode.c.objc; path = JOScrollViewSimpleTransformator.m; sourceTree = "<group>"; };
		C2223B51203DEC6A0031C8F4 /* JOScrollViewOldTransformator.m */ = {isa = PBXFileReference; fileEncoding = 4; lastKnownFileType = sourcecode.c.objc; path = JOScrollViewOldTransformator.m; sourceTree = "<group>"; };
		C2223B57203DECF90031C8F4 /* JOScrollViewTableViewController.h */ = {isa = PBXFileReference; lastKnownFileType = sourcecode.c.h; path = JOScrollViewTableViewController.h; sourceTree = "<group>"; };
		C2223B58203DECF90031C8F4 /* JOScrollViewTableViewController.m */ = {isa = PBXFileReference; lastKnownFileType = sourcecode.c.objc; path = JOScrollViewTableViewController.m; sourceTree = "<group>"; };
		C2223B5A203DEF250031C8F4 /* JOScrollViewOldViewController.h */ = {isa = PBXFileReference; lastKnownFileType = sourcecode.c.h; path = JOScrollViewOldViewController.h; sourceTree = "<group>"; };
		C2223B5B203DEF250031C8F4 /* JOScrollViewOldViewController.m */ = {isa = PBXFileReference; lastKnownFileType = sourcecode.c.objc; path = JOScrollViewOldViewController.m; sourceTree = "<group>"; };
		C2223B5D203DEF370031C8F4 /* JOScrollViewSimpleViewController.h */ = {isa = PBXFileReference; lastKnownFileType = sourcecode.c.h; path = JOScrollViewSimpleViewController.h; sourceTree = "<group>"; };
		C2223B5E203DEF370031C8F4 /* JOScrollViewSimpleViewController.m */ = {isa = PBXFileReference; lastKnownFileType = sourcecode.c.objc; path = JOScrollViewSimpleViewController.m; sourceTree = "<group>"; };
		C2223B63203F0E6F0031C8F4 /* JOPhotoManager.h */ = {isa = PBXFileReference; lastKnownFileType = sourcecode.c.h; path = JOPhotoManager.h; sourceTree = "<group>"; };
		C2223B64203F0E6F0031C8F4 /* JOPhotoManager.m */ = {isa = PBXFileReference; lastKnownFileType = sourcecode.c.objc; path = JOPhotoManager.m; sourceTree = "<group>"; };
		C2223B66203F0EFB0031C8F4 /* JOImagePickerCollectionViewCell.h */ = {isa = PBXFileReference; lastKnownFileType = sourcecode.c.h; path = JOImagePickerCollectionViewCell.h; sourceTree = "<group>"; };
		C2223B67203F0EFB0031C8F4 /* JOImagePickerCollectionViewCell.m */ = {isa = PBXFileReference; lastKnownFileType = sourcecode.c.objc; path = JOImagePickerCollectionViewCell.m; sourceTree = "<group>"; };
		C2223B69203F0FA10031C8F4 /* JOImagePickerViewController.h */ = {isa = PBXFileReference; lastKnownFileType = sourcecode.c.h; path = JOImagePickerViewController.h; sourceTree = "<group>"; };
		C2223B6A203F0FA10031C8F4 /* JOImagePickerViewController.m */ = {isa = PBXFileReference; lastKnownFileType = sourcecode.c.objc; path = JOImagePickerViewController.m; sourceTree = "<group>"; };
/* End PBXFileReference section */

/* Begin PBXFrameworksBuildPhase section */
		C2223B29203DE7FA0031C8F4 /* Frameworks */ = {
			isa = PBXFrameworksBuildPhase;
			buildActionMask = 2147483647;
			files = (
			);
			runOnlyForDeploymentPostprocessing = 0;
		};
/* End PBXFrameworksBuildPhase section */

/* Begin PBXGroup section */
		C2223B23203DE7FA0031C8F4 = {
			isa = PBXGroup;
			children = (
				C2223B2E203DE7FA0031C8F4 /* Samples */,
				C2223B2D203DE7FA0031C8F4 /* Products */,
			);
			sourceTree = "<group>";
		};
		C2223B2D203DE7FA0031C8F4 /* Products */ = {
			isa = PBXGroup;
			children = (
				C2223B2C203DE7FA0031C8F4 /* Samples.app */,
			);
			name = Products;
			sourceTree = "<group>";
		};
		C2223B2E203DE7FA0031C8F4 /* Samples */ = {
			isa = PBXGroup;
			children = (
				C2223B60203F0E080031C8F4 /* JOImagePicker */,
				C2223B48203DEC6A0031C8F4 /* JOScrollView */,
				C2223B2F203DE7FA0031C8F4 /* AppDelegate.h */,
				C2223B30203DE7FA0031C8F4 /* AppDelegate.m */,
				C2223B32203DE7FA0031C8F4 /* ViewController.h */,
				C2223B33203DE7FA0031C8F4 /* ViewController.m */,
				C2223B35203DE7FA0031C8F4 /* Main.storyboard */,
				C2223B38203DE7FA0031C8F4 /* Assets.xcassets */,
				C2223B3A203DE7FA0031C8F4 /* LaunchScreen.storyboard */,
				C2223B3D203DE7FA0031C8F4 /* Info.plist */,
				C2223B3E203DE7FA0031C8F4 /* main.m */,
			);
			path = Samples;
			sourceTree = "<group>";
		};
		C2223B48203DEC6A0031C8F4 /* JOScrollView */ = {
			isa = PBXGroup;
			children = (
				C2223B49203DEC6A0031C8F4 /* Source */,
				C2223B52203DEC6A0031C8F4 /* Sample */,
			);
			path = JOScrollView;
			sourceTree = "<group>";
		};
		C2223B49203DEC6A0031C8F4 /* Source */ = {
			isa = PBXGroup;
			children = (
				C2223B4C203DEC6A0031C8F4 /* JOScrollView.h */,
				C2223B4F203DEC6A0031C8F4 /* JOScrollView.m */,
				C2223B4A203DEC6A0031C8F4 /* JOScrollViewTransformator.h */,
				C2223B4E203DEC6A0031C8F4 /* JOScrollViewTransformator.m */,
				C2223B4D203DEC6A0031C8F4 /* JOScrollViewOldTransformator.h */,
				C2223B51203DEC6A0031C8F4 /* JOScrollViewOldTransformator.m */,
				C2223B4B203DEC6A0031C8F4 /* JOScrollViewSimpleTransformator.h */,
				C2223B50203DEC6A0031C8F4 /* JOScrollViewSimpleTransformator.m */,
			);
			path = Source;
			sourceTree = "<group>";
		};
		C2223B52203DEC6A0031C8F4 /* Sample */ = {
			isa = PBXGroup;
			children = (
				C2223B57203DECF90031C8F4 /* JOScrollViewTableViewController.h */,
				C2223B58203DECF90031C8F4 /* JOScrollViewTableViewController.m */,
				C2223B5A203DEF250031C8F4 /* JOScrollViewOldViewController.h */,
				C2223B5B203DEF250031C8F4 /* JOScrollViewOldViewController.m */,
				C2223B5D203DEF370031C8F4 /* JOScrollViewSimpleViewController.h */,
				C2223B5E203DEF370031C8F4 /* JOScrollViewSimpleViewController.m */,
			);
			path = Sample;
			sourceTree = "<group>";
		};
		C2223B60203F0E080031C8F4 /* JOImagePicker */ = {
			isa = PBXGroup;
			children = (
				C2223B61203F0E080031C8F4 /* Source */,
				C2223B62203F0E080031C8F4 /* Sample */,
			);
			path = JOImagePicker;
			sourceTree = "<group>";
		};
		C2223B61203F0E080031C8F4 /* Source */ = {
			isa = PBXGroup;
			children = (
				C2223B69203F0FA10031C8F4 /* JOImagePickerViewController.h */,
				C2223B6A203F0FA10031C8F4 /* JOImagePickerViewController.m */,
				C2223B63203F0E6F0031C8F4 /* JOPhotoManager.h */,
				C2223B64203F0E6F0031C8F4 /* JOPhotoManager.m */,
				C2223B66203F0EFB0031C8F4 /* JOImagePickerCollectionViewCell.h */,
				C2223B67203F0EFB0031C8F4 /* JOImagePickerCollectionViewCell.m */,
			);
			path = Source;
			sourceTree = "<group>";
		};
		C2223B62203F0E080031C8F4 /* Sample */ = {
			isa = PBXGroup;
			children = (
			);
			path = Sample;
			sourceTree = "<group>";
		};
/* End PBXGroup section */

/* Begin PBXNativeTarget section */
		C2223B2B203DE7FA0031C8F4 /* Samples */ = {
			isa = PBXNativeTarget;
			buildConfigurationList = C2223B42203DE7FA0031C8F4 /* Build configuration list for PBXNativeTarget "Samples" */;
			buildPhases = (
				C2223B28203DE7FA0031C8F4 /* Sources */,
				C2223B29203DE7FA0031C8F4 /* Frameworks */,
				C2223B2A203DE7FA0031C8F4 /* Resources */,
			);
			buildRules = (
			);
			dependencies = (
			);
			name = Samples;
			productName = Samples;
			productReference = C2223B2C203DE7FA0031C8F4 /* Samples.app */;
			productType = "com.apple.product-type.application";
		};
/* End PBXNativeTarget section */

/* Begin PBXProject section */
		C2223B24203DE7FA0031C8F4 /* Project object */ = {
			isa = PBXProject;
			attributes = {
				LastUpgradeCheck = 0920;
				ORGANIZATIONNAME = "Peter Sipos";
				TargetAttributes = {
					C2223B2B203DE7FA0031C8F4 = {
						CreatedOnToolsVersion = 9.2;
						ProvisioningStyle = Automatic;
					};
				};
			};
			buildConfigurationList = C2223B27203DE7FA0031C8F4 /* Build configuration list for PBXProject "Samples" */;
			compatibilityVersion = "Xcode 8.0";
			developmentRegion = en;
			hasScannedForEncodings = 0;
			knownRegions = (
				en,
				Base,
			);
			mainGroup = C2223B23203DE7FA0031C8F4;
			productRefGroup = C2223B2D203DE7FA0031C8F4 /* Products */;
			projectDirPath = "";
			projectRoot = "";
			targets = (
				C2223B2B203DE7FA0031C8F4 /* Samples */,
			);
		};
/* End PBXProject section */

/* Begin PBXResourcesBuildPhase section */
		C2223B2A203DE7FA0031C8F4 /* Resources */ = {
			isa = PBXResourcesBuildPhase;
			buildActionMask = 2147483647;
			files = (
				C2223B3C203DE7FA0031C8F4 /* LaunchScreen.storyboard in Resources */,
				C2223B39203DE7FA0031C8F4 /* Assets.xcassets in Resources */,
				C2223B37203DE7FA0031C8F4 /* Main.storyboard in Resources */,
			);
			runOnlyForDeploymentPostprocessing = 0;
		};
/* End PBXResourcesBuildPhase section */

/* Begin PBXSourcesBuildPhase section */
		C2223B28203DE7FA0031C8F4 /* Sources */ = {
			isa = PBXSourcesBuildPhase;
			buildActionMask = 2147483647;
			files = (
				C2223B34203DE7FA0031C8F4 /* ViewController.m in Sources */,
				C2223B65203F0E6F0031C8F4 /* JOPhotoManager.m in Sources */,
				C2223B3F203DE7FA0031C8F4 /* main.m in Sources */,
				C2223B68203F0EFB0031C8F4 /* JOImagePickerCollectionViewCell.m in Sources */,
				C2223B59203DECF90031C8F4 /* JOScrollViewTableViewController.m in Sources */,
				C2223B6B203F0FA10031C8F4 /* JOImagePickerViewController.m in Sources */,
				C2223B5F203DEF370031C8F4 /* JOScrollViewSimpleViewController.m in Sources */,
				C2223B54203DEC6B0031C8F4 /* JOScrollView.m in Sources */,
				C2223B56203DEC6B0031C8F4 /* JOScrollViewOldTransformator.m in Sources */,
				C2223B31203DE7FA0031C8F4 /* AppDelegate.m in Sources */,
				C2223B53203DEC6B0031C8F4 /* JOScrollViewTransformator.m in Sources */,
				C2223B55203DEC6B0031C8F4 /* JOScrollViewSimpleTransformator.m in Sources */,
				C2223B5C203DEF250031C8F4 /* JOScrollViewOldViewController.m in Sources */,
			);
			runOnlyForDeploymentPostprocessing = 0;
		};
/* End PBXSourcesBuildPhase section */

/* Begin PBXVariantGroup section */
		C2223B35203DE7FA0031C8F4 /* Main.storyboard */ = {
			isa = PBXVariantGroup;
			children = (
				C2223B36203DE7FA0031C8F4 /* Base */,
			);
			name = Main.storyboard;
			sourceTree = "<group>";
		};
		C2223B3A203DE7FA0031C8F4 /* LaunchScreen.storyboard */ = {
			isa = PBXVariantGroup;
			children = (
				C2223B3B203DE7FA0031C8F4 /* Base */,
			);
			name = LaunchScreen.storyboard;
			sourceTree = "<group>";
		};
/* End PBXVariantGroup section */

/* Begin XCBuildConfiguration section */
		C2223B40203DE7FA0031C8F4 /* Debug */ = {
			isa = XCBuildConfiguration;
			buildSettings = {
				ALWAYS_SEARCH_USER_PATHS = NO;
				CLANG_ANALYZER_NONNULL = YES;
				CLANG_ANALYZER_NUMBER_OBJECT_CONVERSION = YES_AGGRESSIVE;
				CLANG_CXX_LANGUAGE_STANDARD = "gnu++14";
				CLANG_CXX_LIBRARY = "libc++";
				CLANG_ENABLE_MODULES = YES;
				CLANG_ENABLE_OBJC_ARC = YES;
				CLANG_WARN_BLOCK_CAPTURE_AUTORELEASING = YES;
				CLANG_WARN_BOOL_CONVERSION = YES;
				CLANG_WARN_COMMA = YES;
				CLANG_WARN_CONSTANT_CONVERSION = YES;
				CLANG_WARN_DIRECT_OBJC_ISA_USAGE = YES_ERROR;
				CLANG_WARN_DOCUMENTATION_COMMENTS = YES;
				CLANG_WARN_EMPTY_BODY = YES;
				CLANG_WARN_ENUM_CONVERSION = YES;
				CLANG_WARN_INFINITE_RECURSION = YES;
				CLANG_WARN_INT_CONVERSION = YES;
				CLANG_WARN_NON_LITERAL_NULL_CONVERSION = YES;
				CLANG_WARN_OBJC_LITERAL_CONVERSION = YES;
				CLANG_WARN_OBJC_ROOT_CLASS = YES_ERROR;
				CLANG_WARN_RANGE_LOOP_ANALYSIS = YES;
				CLANG_WARN_STRICT_PROTOTYPES = YES;
				CLANG_WARN_SUSPICIOUS_MOVE = YES;
				CLANG_WARN_UNGUARDED_AVAILABILITY = YES_AGGRESSIVE;
				CLANG_WARN_UNREACHABLE_CODE = YES;
				CLANG_WARN__DUPLICATE_METHOD_MATCH = YES;
				CODE_SIGN_IDENTITY = "iPhone Developer";
				COPY_PHASE_STRIP = NO;
				DEBUG_INFORMATION_FORMAT = dwarf;
				ENABLE_STRICT_OBJC_MSGSEND = YES;
				ENABLE_TESTABILITY = YES;
				GCC_C_LANGUAGE_STANDARD = gnu11;
				GCC_DYNAMIC_NO_PIC = NO;
				GCC_NO_COMMON_BLOCKS = YES;
				GCC_OPTIMIZATION_LEVEL = 0;
				GCC_PREPROCESSOR_DEFINITIONS = (
					"DEBUG=1",
					"$(inherited)",
				);
				GCC_WARN_64_TO_32_BIT_CONVERSION = YES;
				GCC_WARN_ABOUT_RETURN_TYPE = YES_ERROR;
				GCC_WARN_UNDECLARED_SELECTOR = YES;
				GCC_WARN_UNINITIALIZED_AUTOS = YES_AGGRESSIVE;
				GCC_WARN_UNUSED_FUNCTION = YES;
				GCC_WARN_UNUSED_VARIABLE = YES;
				IPHONEOS_DEPLOYMENT_TARGET = 11.2;
				MTL_ENABLE_DEBUG_INFO = YES;
				ONLY_ACTIVE_ARCH = YES;
				SDKROOT = iphoneos;
			};
			name = Debug;
		};
		C2223B41203DE7FA0031C8F4 /* Release */ = {
			isa = XCBuildConfiguration;
			buildSettings = {
				ALWAYS_SEARCH_USER_PATHS = NO;
				CLANG_ANALYZER_NONNULL = YES;
				CLANG_ANALYZER_NUMBER_OBJECT_CONVERSION = YES_AGGRESSIVE;
				CLANG_CXX_LANGUAGE_STANDARD = "gnu++14";
				CLANG_CXX_LIBRARY = "libc++";
				CLANG_ENABLE_MODULES = YES;
				CLANG_ENABLE_OBJC_ARC = YES;
				CLANG_WARN_BLOCK_CAPTURE_AUTORELEASING = YES;
				CLANG_WARN_BOOL_CONVERSION = YES;
				CLANG_WARN_COMMA = YES;
				CLANG_WARN_CONSTANT_CONVERSION = YES;
				CLANG_WARN_DIRECT_OBJC_ISA_USAGE = YES_ERROR;
				CLANG_WARN_DOCUMENTATION_COMMENTS = YES;
				CLANG_WARN_EMPTY_BODY = YES;
				CLANG_WARN_ENUM_CONVERSION = YES;
				CLANG_WARN_INFINITE_RECURSION = YES;
				CLANG_WARN_INT_CONVERSION = YES;
				CLANG_WARN_NON_LITERAL_NULL_CONVERSION = YES;
				CLANG_WARN_OBJC_LITERAL_CONVERSION = YES;
				CLANG_WARN_OBJC_ROOT_CLASS = YES_ERROR;
				CLANG_WARN_RANGE_LOOP_ANALYSIS = YES;
				CLANG_WARN_STRICT_PROTOTYPES = YES;
				CLANG_WARN_SUSPICIOUS_MOVE = YES;
				CLANG_WARN_UNGUARDED_AVAILABILITY = YES_AGGRESSIVE;
				CLANG_WARN_UNREACHABLE_CODE = YES;
				CLANG_WARN__DUPLICATE_METHOD_MATCH = YES;
				CODE_SIGN_IDENTITY = "iPhone Developer";
				COPY_PHASE_STRIP = NO;
				DEBUG_INFORMATION_FORMAT = "dwarf-with-dsym";
				ENABLE_NS_ASSERTIONS = NO;
				ENABLE_STRICT_OBJC_MSGSEND = YES;
				GCC_C_LANGUAGE_STANDARD = gnu11;
				GCC_NO_COMMON_BLOCKS = YES;
				GCC_WARN_64_TO_32_BIT_CONVERSION = YES;
				GCC_WARN_ABOUT_RETURN_TYPE = YES_ERROR;
				GCC_WARN_UNDECLARED_SELECTOR = YES;
				GCC_WARN_UNINITIALIZED_AUTOS = YES_AGGRESSIVE;
				GCC_WARN_UNUSED_FUNCTION = YES;
				GCC_WARN_UNUSED_VARIABLE = YES;
				IPHONEOS_DEPLOYMENT_TARGET = 11.2;
				MTL_ENABLE_DEBUG_INFO = NO;
				SDKROOT = iphoneos;
				VALIDATE_PRODUCT = YES;
			};
			name = Release;
		};
		C2223B43203DE7FA0031C8F4 /* Debug */ = {
			isa = XCBuildConfiguration;
			buildSettings = {
				ASSETCATALOG_COMPILER_APPICON_NAME = AppIcon;
				CODE_SIGN_STYLE = Automatic;
				INFOPLIST_FILE = Samples/Info.plist;
				LD_RUNPATH_SEARCH_PATHS = "$(inherited) @executable_path/Frameworks";
				PRODUCT_BUNDLE_IDENTIFIER = Sistem.Samples;
				PRODUCT_NAME = "$(TARGET_NAME)";
				TARGETED_DEVICE_FAMILY = "1,2";
			};
			name = Debug;
		};
		C2223B44203DE7FA0031C8F4 /* Release */ = {
			isa = XCBuildConfiguration;
			buildSettings = {
				ASSETCATALOG_COMPILER_APPICON_NAME = AppIcon;
				CODE_SIGN_STYLE = Automatic;
				INFOPLIST_FILE = Samples/Info.plist;
				LD_RUNPATH_SEARCH_PATHS = "$(inherited) @executable_path/Frameworks";
				PRODUCT_BUNDLE_IDENTIFIER = Sistem.Samples;
				PRODUCT_NAME = "$(TARGET_NAME)";
				TARGETED_DEVICE_FAMILY = "1,2";
			};
			name = Release;
		};
/* End XCBuildConfiguration section */

/* Begin XCConfigurationList section */
		C2223B27203DE7FA0031C8F4 /* Build configuration list for PBXProject "Samples" */ = {
			isa = XCConfigurationList;
			buildConfigurations = (
				C2223B40203DE7FA0031C8F4 /* Debug */,
				C2223B41203DE7FA0031C8F4 /* Release */,
			);
			defaultConfigurationIsVisible = 0;
			defaultConfigurationName = Release;
		};
		C2223B42203DE7FA0031C8F4 /* Build configuration list for PBXNativeTarget "Samples" */ = {
			isa = XCConfigurationList;
			buildConfigurations = (
				C2223B43203DE7FA0031C8F4 /* Debug */,
				C2223B44203DE7FA0031C8F4 /* Release */,
			);
			defaultConfigurationIsVisible = 0;
			defaultConfigurationName = Release;
		};
/* End XCConfigurationList section */
	};
	rootObject = C2223B24203DE7FA0031C8F4 /* Project object */;
}
